
Microsoft Visual Studio Solution File, Format Version 12.00
# Visual Studio Version 16
VisualStudioVersion = 16.0.29806.167
MinimumVisualStudioVersion = 10.0.40219.1
Project("{FAE04EC0-301F-11D3-BF4B-00C04F79EFBC}") = "OverloadingByDefaultArguments", "OverloadingByDefaultArguments.csproj", "{94225E03-7170-480F-B76A-52D11A6C5E72}"
EndProject
Global
	GlobalSection(SolutionConfigurationPlatforms) = preSolution
		Debug|Any CPU = Debug|Any CPU
		Release|Any CPU = Release|Any CPU
	EndGlobalSection
	GlobalSection(ProjectConfigurationPlatforms) = postSolution
		{94225E03-7170-480F-B76A-52D11A6C5E72}.Debug|Any CPU.ActiveCfg = Debug|Any CPU
		{94225E03-7170-480F-B76A-52D11A6C5E72}.Debug|Any CPU.Build.0 = Debug|Any CPU
		{94225E03-7170-480F-B76A-52D11A6C5E72}.Release|Any CPU.ActiveCfg = Release|Any CPU
		{94225E03-7170-480F-B76A-52D11A6C5E72}.Release|Any CPU.Build.0 = Release|Any CPU
	EndGlobalSection
	GlobalSection(SolutionProperties) = preSolution
		HideSolutionNode = FALSE
	EndGlobalSection
	GlobalSection(ExtensibilityGlobals) = postSolution
		SolutionGuid = {F9D2DF42-121E-4744-BC7F-1BEA23F5BE76}
	EndGlobalSection
EndGlobal
