
Microsoft Visual Studio Solution File, Format Version 12.00
# Visual Studio Version 16
VisualStudioVersion = 16.0.29806.167
MinimumVisualStudioVersion = 10.0.40219.1
Project("{FAE04EC0-301F-11D3-BF4B-00C04F79EFBC}") = "LearningActivity_1_Bonus", "LearningActivity_1_Bonus.csproj", "{7655CBA4-17A4-44B6-85EA-0F2076F9C919}"
EndProject
Global
	GlobalSection(SolutionConfigurationPlatforms) = preSolution
		Debug|Any CPU = Debug|Any CPU
		Release|Any CPU = Release|Any CPU
	EndGlobalSection
	GlobalSection(ProjectConfigurationPlatforms) = postSolution
		{7655CBA4-17A4-44B6-85EA-0F2076F9C919}.Debug|Any CPU.ActiveCfg = Debug|Any CPU
		{7655CBA4-17A4-44B6-85EA-0F2076F9C919}.Debug|Any CPU.Build.0 = Debug|Any CPU
		{7655CBA4-17A4-44B6-85EA-0F2076F9C919}.Release|Any CPU.ActiveCfg = Release|Any CPU
		{7655CBA4-17A4-44B6-85EA-0F2076F9C919}.Release|Any CPU.Build.0 = Release|Any CPU
	EndGlobalSection
	GlobalSection(SolutionProperties) = preSolution
		HideSolutionNode = FALSE
	EndGlobalSection
	GlobalSection(ExtensibilityGlobals) = postSolution
		SolutionGuid = {5D4399A8-BB96-40DA-A178-874A68B6362E}
	EndGlobalSection
EndGlobal
