
Microsoft Visual Studio Solution File, Format Version 12.00
# Visual Studio Version 16
VisualStudioVersion = 16.0.29806.167
MinimumVisualStudioVersion = 10.0.40219.1
Project("{FAE04EC0-301F-11D3-BF4B-00C04F79EFBC}") = "Blockbuster - Mahbub", "Blockbuster - Mahbub.csproj", "{2FA4F542-EF40-4A35-AE29-E7925C25C832}"
EndProject
Global
	GlobalSection(SolutionConfigurationPlatforms) = preSolution
		Debug|Any CPU = Debug|Any CPU
		Release|Any CPU = Release|Any CPU
	EndGlobalSection
	GlobalSection(ProjectConfigurationPlatforms) = postSolution
		{2FA4F542-EF40-4A35-AE29-E7925C25C832}.Debug|Any CPU.ActiveCfg = Debug|Any CPU
		{2FA4F542-EF40-4A35-AE29-E7925C25C832}.Debug|Any CPU.Build.0 = Debug|Any CPU
		{2FA4F542-EF40-4A35-AE29-E7925C25C832}.Release|Any CPU.ActiveCfg = Release|Any CPU
		{2FA4F542-EF40-4A35-AE29-E7925C25C832}.Release|Any CPU.Build.0 = Release|Any CPU
	EndGlobalSection
	GlobalSection(SolutionProperties) = preSolution
		HideSolutionNode = FALSE
	EndGlobalSection
	GlobalSection(ExtensibilityGlobals) = postSolution
		SolutionGuid = {3DD5C045-BEB2-45AB-A44C-233F9F0FFDED}
	EndGlobalSection
EndGlobal
