
Microsoft Visual Studio Solution File, Format Version 12.00
# Visual Studio Version 16
VisualStudioVersion = 16.0.29806.167
MinimumVisualStudioVersion = 10.0.40219.1
Project("{FAE04EC0-301F-11D3-BF4B-00C04F79EFBC}") = "LA_1_SortingWordsByLength", "LA_1_SortingWordsByLength.csproj", "{6BFAA97A-8656-4794-B24D-F6E05E589EDA}"
EndProject
Global
	GlobalSection(SolutionConfigurationPlatforms) = preSolution
		Debug|Any CPU = Debug|Any CPU
		Release|Any CPU = Release|Any CPU
	EndGlobalSection
	GlobalSection(ProjectConfigurationPlatforms) = postSolution
		{6BFAA97A-8656-4794-B24D-F6E05E589EDA}.Debug|Any CPU.ActiveCfg = Debug|Any CPU
		{6BFAA97A-8656-4794-B24D-F6E05E589EDA}.Debug|Any CPU.Build.0 = Debug|Any CPU
		{6BFAA97A-8656-4794-B24D-F6E05E589EDA}.Release|Any CPU.ActiveCfg = Release|Any CPU
		{6BFAA97A-8656-4794-B24D-F6E05E589EDA}.Release|Any CPU.Build.0 = Release|Any CPU
	EndGlobalSection
	GlobalSection(SolutionProperties) = preSolution
		HideSolutionNode = FALSE
	EndGlobalSection
	GlobalSection(ExtensibilityGlobals) = postSolution
		SolutionGuid = {967B1BAF-DBCD-47DB-A4B9-E571B4E07492}
	EndGlobalSection
EndGlobal
