
Microsoft Visual Studio Solution File, Format Version 12.00
# Visual Studio Version 16
VisualStudioVersion = 16.0.29806.167
MinimumVisualStudioVersion = 10.0.40219.1
Project("{FAE04EC0-301F-11D3-BF4B-00C04F79EFBC}") = "Deconstructor", "Deconstructor.csproj", "{652FD142-7A80-469D-BD4C-737120C7C576}"
EndProject
Global
	GlobalSection(SolutionConfigurationPlatforms) = preSolution
		Debug|Any CPU = Debug|Any CPU
		Release|Any CPU = Release|Any CPU
	EndGlobalSection
	GlobalSection(ProjectConfigurationPlatforms) = postSolution
		{652FD142-7A80-469D-BD4C-737120C7C576}.Debug|Any CPU.ActiveCfg = Debug|Any CPU
		{652FD142-7A80-469D-BD4C-737120C7C576}.Debug|Any CPU.Build.0 = Debug|Any CPU
		{652FD142-7A80-469D-BD4C-737120C7C576}.Release|Any CPU.ActiveCfg = Release|Any CPU
		{652FD142-7A80-469D-BD4C-737120C7C576}.Release|Any CPU.Build.0 = Release|Any CPU
	EndGlobalSection
	GlobalSection(SolutionProperties) = preSolution
		HideSolutionNode = FALSE
	EndGlobalSection
	GlobalSection(ExtensibilityGlobals) = postSolution
		SolutionGuid = {05FA29B0-51C5-4941-855F-CB21D32869D2}
	EndGlobalSection
EndGlobal
