
Microsoft Visual Studio Solution File, Format Version 12.00
# Visual Studio Version 16
VisualStudioVersion = 16.0.29806.167
MinimumVisualStudioVersion = 10.0.40219.1
Project("{FAE04EC0-301F-11D3-BF4B-00C04F79EFBC}") = "Blockbuster - MultiFileProject", "Blockbuster - MultiFileProject.csproj", "{EC066598-D7BA-4AE8-869E-439A5E70BE34}"
EndProject
Global
	GlobalSection(SolutionConfigurationPlatforms) = preSolution
		Debug|Any CPU = Debug|Any CPU
		Release|Any CPU = Release|Any CPU
	EndGlobalSection
	GlobalSection(ProjectConfigurationPlatforms) = postSolution
		{EC066598-D7BA-4AE8-869E-439A5E70BE34}.Debug|Any CPU.ActiveCfg = Debug|Any CPU
		{EC066598-D7BA-4AE8-869E-439A5E70BE34}.Debug|Any CPU.Build.0 = Debug|Any CPU
		{EC066598-D7BA-4AE8-869E-439A5E70BE34}.Release|Any CPU.ActiveCfg = Release|Any CPU
		{EC066598-D7BA-4AE8-869E-439A5E70BE34}.Release|Any CPU.Build.0 = Release|Any CPU
	EndGlobalSection
	GlobalSection(SolutionProperties) = preSolution
		HideSolutionNode = FALSE
	EndGlobalSection
	GlobalSection(ExtensibilityGlobals) = postSolution
		SolutionGuid = {A86D9A2D-04A7-4151-88D9-8585F4C7BFE2}
	EndGlobalSection
EndGlobal
