
Microsoft Visual Studio Solution File, Format Version 12.00
# Visual Studio Version 16
VisualStudioVersion = 16.0.29806.167
MinimumVisualStudioVersion = 10.0.40219.1
Project("{FAE04EC0-301F-11D3-BF4B-00C04F79EFBC}") = "BankAccountRevisitedAgain", "BankAccountRevisitedAgain.csproj", "{7D1608AF-1625-493E-B70D-B72EA0F23AB8}"
EndProject
Global
	GlobalSection(SolutionConfigurationPlatforms) = preSolution
		Debug|Any CPU = Debug|Any CPU
		Release|Any CPU = Release|Any CPU
	EndGlobalSection
	GlobalSection(ProjectConfigurationPlatforms) = postSolution
		{7D1608AF-1625-493E-B70D-B72EA0F23AB8}.Debug|Any CPU.ActiveCfg = Debug|Any CPU
		{7D1608AF-1625-493E-B70D-B72EA0F23AB8}.Debug|Any CPU.Build.0 = Debug|Any CPU
		{7D1608AF-1625-493E-B70D-B72EA0F23AB8}.Release|Any CPU.ActiveCfg = Release|Any CPU
		{7D1608AF-1625-493E-B70D-B72EA0F23AB8}.Release|Any CPU.Build.0 = Release|Any CPU
	EndGlobalSection
	GlobalSection(SolutionProperties) = preSolution
		HideSolutionNode = FALSE
	EndGlobalSection
	GlobalSection(ExtensibilityGlobals) = postSolution
		SolutionGuid = {C716E074-C0C5-46F4-8929-DF667A8CF94A}
	EndGlobalSection
EndGlobal
